dependencies:
- name: opendkim
  repository: file://charts/opendkim
  version: 0.1.0
- name: postfix
  repository: file://charts/postfix
  version: 0.1.0
- name: redis
  repository: file://charts/redis
  version: 0.1.0
- name: unbound
  repository: file://charts/unbound
  version: 0.1.0
- name: rspamd
  repository: file://charts/rspamd
  version: 0.1.0
- name: seaweedfs
  repository: file://charts/seaweedfs
  version: 0.1.0
- name: raven
  repository: file://charts/raven
  version: 0.1.0
- name: thunder
  repository: oci://ghcr.io/asgardeo/helm-charts
  version: 0.33.0
digest: sha256:05d91e3576826bd2b8d7e8f083c25f252a99c65729e9a3772984da26edd7dab1
generated: "2026-07-30T12:38:17.321486+05:30"
