dependencies:
- name: opendkim
  repository: file://charts/opendkim
  version: 0.1.0
- name: postfix
  repository: file://charts/postfix
  version: 0.1.0
- name: redis
  repository: file://charts/redis
  version: 0.1.0
- name: unbound
  repository: file://charts/unbound
  version: 0.1.0
- name: rspamd
  repository: file://charts/rspamd
  version: 0.1.0
- name: seaweedfs
  repository: file://charts/seaweedfs
  version: 0.1.0
- name: raven
  repository: file://charts/raven
  version: 0.1.0
- name: thunder
  repository: oci://ghcr.io/asgardeo/helm-charts
  version: 0.35.0
digest: sha256:795a38952ca8b8d5090a908fe5e2c7294c590c2ca82e041169726f3bbf3813af
generated: "2026-07-24T16:50:28.045361+05:30"
