dependencies:
- name: opendkim
  repository: file://charts/opendkim
  version: 0.1.0
- name: postfix
  repository: file://charts/postfix
  version: 0.1.0
- name: redis
  repository: file://charts/redis
  version: 0.1.0
- name: unbound
  repository: file://charts/unbound
  version: 0.1.0
- name: rspamd
  repository: file://charts/rspamd
  version: 0.1.0
- name: seaweedfs
  repository: file://charts/seaweedfs
  version: 0.1.0
- name: raven
  repository: file://charts/raven
  version: 0.1.0
- name: thunder
  repository: oci://ghcr.io/asgardeo/helm-charts
  version: 0.32.0
digest: sha256:f0db6de707f440d7fa7da7f2b17bde4710217aa8c13b54c5f513d27d52e3583b
generated: "2026-07-17T10:34:51.098203+05:30"
